
Microsoft Visual Studio Solution File, Format Version 12.00
# Visual Studio Version 16
VisualStudioVersion = 16.0.33529.622
MinimumVisualStudioVersion = 10.0.40219.1
Project("{FAE04EC0-301F-11D3-BF4B-00C04F79EFBC}") = "App2", "App2.csproj", "{79F3D02D-7C60-4549-924F-EA4944A69CEF}"
EndProject
Global
	GlobalSection(SolutionConfigurationPlatforms) = preSolution
		Debug|Any CPU = Debug|Any CPU
		Release|Any CPU = Release|Any CPU
	EndGlobalSection
	GlobalSection(ProjectConfigurationPlatforms) = postSolution
		{79F3D02D-7C60-4549-924F-EA4944A69CEF}.Debug|Any CPU.ActiveCfg = Debug|Any CPU
		{79F3D02D-7C60-4549-924F-EA4944A69CEF}.Debug|Any CPU.Build.0 = Debug|Any CPU
		{79F3D02D-7C60-4549-924F-EA4944A69CEF}.Debug|Any CPU.Deploy.0 = Debug|Any CPU
		{79F3D02D-7C60-4549-924F-EA4944A69CEF}.Release|Any CPU.ActiveCfg = Release|Any CPU
		{79F3D02D-7C60-4549-924F-EA4944A69CEF}.Release|Any CPU.Build.0 = Release|Any CPU
		{79F3D02D-7C60-4549-924F-EA4944A69CEF}.Release|Any CPU.Deploy.0 = Release|Any CPU
	EndGlobalSection
	GlobalSection(SolutionProperties) = preSolution
		HideSolutionNode = FALSE
	EndGlobalSection
	GlobalSection(ExtensibilityGlobals) = postSolution
		SolutionGuid = {FF6E732F-F90C-414D-AF2F-A7C139345ACE}
	EndGlobalSection
EndGlobal
